// !$*UTF8*$!
{
	archiveVersion = 1;
	classes = {
	};
	objectVersion = 46;
	objects = {

/* Begin PBXBuildFile section */
		688C6B691DD655E9004BE9CA /* AppDelegate.swift in Sources */ = {isa = PBXBuildFile; fileRef = 688C6B681DD655E9004BE9CA /* AppDelegate.swift */; };
		688C6B6B1DD655E9004BE9CA /* SettingViewController.swift in Sources */ = {isa = PBXBuildFile; fileRef = 688C6B6A1DD655E9004BE9CA /* SettingViewController.swift */; };
		688C6B6E1DD655E9004BE9CA /* Main.storyboard in Resources */ = {isa = PBXBuildFile; fileRef = 688C6B6C1DD655E9004BE9CA /* Main.storyboard */; };
		688C6B701DD655E9004BE9CA /* Assets.xcassets in Resources */ = {isa = PBXBuildFile; fileRef = 688C6B6F1DD655E9004BE9CA /* Assets.xcassets */; };
		688C6B731DD655E9004BE9CA /* LaunchScreen.storyboard in Resources */ = {isa = PBXBuildFile; fileRef = 688C6B711DD655E9004BE9CA /* LaunchScreen.storyboard */; };
		688C6B7D1DD658A5004BE9CA /* Synth.swift in Sources */ = {isa = PBXBuildFile; fileRef = 688C6B7C1DD658A5004BE9CA /* Synth.swift */; };
		7101487A1DE2A46000C6AC9D /* PianoViewController.swift in Sources */ = {isa = PBXBuildFile; fileRef = 710148791DE2A46000C6AC9D /* PianoViewController.swift */; };
		7101487C1DE2A47F00C6AC9D /* KeyUIButton.swift in Sources */ = {isa = PBXBuildFile; fileRef = 7101487B1DE2A47F00C6AC9D /* KeyUIButton.swift */; };
		7101487F1DE2A5A900C6AC9D /* black.jpg in Resources */ = {isa = PBXBuildFile; fileRef = 7101487D1DE2A5A900C6AC9D /* black.jpg */; };
		710148801DE2A5A900C6AC9D /* white.jpg in Resources */ = {isa = PBXBuildFile; fileRef = 7101487E1DE2A5A900C6AC9D /* white.jpg */; };
		710148821DE2A91F00C6AC9D /* PianoPoster.jpg in Resources */ = {isa = PBXBuildFile; fileRef = 710148811DE2A91F00C6AC9D /* PianoPoster.jpg */; };
		710148851DE2B5CF00C6AC9D /* FeedCellView.swift in Sources */ = {isa = PBXBuildFile; fileRef = 710148831DE2B5CF00C6AC9D /* FeedCellView.swift */; };
		710148861DE2B5CF00C6AC9D /* FeedViewController.swift in Sources */ = {isa = PBXBuildFile; fileRef = 710148841DE2B5CF00C6AC9D /* FeedViewController.swift */; };
		71116E701DDC4F8B0033779C /* NoteFrequency.swift in Sources */ = {isa = PBXBuildFile; fileRef = 71116E6F1DDC4F8B0033779C /* NoteFrequency.swift */; };
		71116E721DDC53BD0033779C /* DummyKeyboard.swift in Sources */ = {isa = PBXBuildFile; fileRef = 71116E711DDC53BD0033779C /* DummyKeyboard.swift */; };
		71116E741DDC54BE0033779C /* Oscillator.swift in Sources */ = {isa = PBXBuildFile; fileRef = 71116E731DDC54BE0033779C /* Oscillator.swift */; };
		71116E761DDC58140033779C /* BasicWaves.swift in Sources */ = {isa = PBXBuildFile; fileRef = 71116E751DDC58140033779C /* BasicWaves.swift */; };
		71116E7A1DDD56CD0033779C /* SoundModule.swift in Sources */ = {isa = PBXBuildFile; fileRef = 71116E791DDD56CD0033779C /* SoundModule.swift */; };
		71116E7C1DDD5D150033779C /* EnvGenerator.swift in Sources */ = {isa = PBXBuildFile; fileRef = 71116E7B1DDD5D150033779C /* EnvGenerator.swift */; };
		71116E7E1DDD5D490033779C /* Ampliflier.swift in Sources */ = {isa = PBXBuildFile; fileRef = 71116E7D1DDD5D490033779C /* Ampliflier.swift */; };
		71116E801DDD6E030033779C /* ModuleBoard.swift in Sources */ = {isa = PBXBuildFile; fileRef = 71116E7F1DDD6E030033779C /* ModuleBoard.swift */; };
		71BD7F3F1DF6869A006ED99E /* EnvGeneratorViewController.swift in Sources */ = {isa = PBXBuildFile; fileRef = 71BD7F3E1DF6869A006ED99E /* EnvGeneratorViewController.swift */; };
		73D9129A1DF69286003AA17F /* GoogleService-Info.plist in Resources */ = {isa = PBXBuildFile; fileRef = 73D912991DF69286003AA17F /* GoogleService-Info.plist */; };
		D2F7D20FF822D574EA4F73E0 /* Pods_SimpleSynth.framework in Frameworks */ = {isa = PBXBuildFile; fileRef = B8821703D09A196B18501855 /* Pods_SimpleSynth.framework */; };
/* End PBXBuildFile section */

/* Begin PBXFileReference section */
		16D7F5886C589D8328DD2BA3 /* Pods-SimpleSynth.debug.xcconfig */ = {isa = PBXFileReference; includeInIndex = 1; lastKnownFileType = text.xcconfig; name = "Pods-SimpleSynth.debug.xcconfig"; path = "Pods/Target Support Files/Pods-SimpleSynth/Pods-SimpleSynth.debug.xcconfig"; sourceTree = "<group>"; };
		688C6B651DD655E9004BE9CA /* SimpleSynth.app */ = {isa = PBXFileReference; explicitFileType = wrapper.application; includeInIndex = 0; path = SimpleSynth.app; sourceTree = BUILT_PRODUCTS_DIR; };
		688C6B681DD655E9004BE9CA /* AppDelegate.swift */ = {isa = PBXFileReference; lastKnownFileType = sourcecode.swift; path = AppDelegate.swift; sourceTree = "<group>"; };
		688C6B6A1DD655E9004BE9CA /* SettingViewController.swift */ = {isa = PBXFileReference; lastKnownFileType = sourcecode.swift; path = SettingViewController.swift; sourceTree = "<group>"; };
		688C6B6D1DD655E9004BE9CA /* Base */ = {isa = PBXFileReference; lastKnownFileType = file.storyboard; name = Base; path = Base.lproj/Main.storyboard; sourceTree = "<group>"; };
		688C6B6F1DD655E9004BE9CA /* Assets.xcassets */ = {isa = PBXFileReference; lastKnownFileType = folder.assetcatalog; path = Assets.xcassets; sourceTree = "<group>"; };
		688C6B721DD655E9004BE9CA /* Base */ = {isa = PBXFileReference; lastKnownFileType = file.storyboard; name = Base; path = Base.lproj/LaunchScreen.storyboard; sourceTree = "<group>"; };
		688C6B741DD655E9004BE9CA /* Info.plist */ = {isa = PBXFileReference; lastKnownFileType = text.plist.xml; path = Info.plist; sourceTree = "<group>"; };
		688C6B7C1DD658A5004BE9CA /* Synth.swift */ = {isa = PBXFileReference; fileEncoding = 4; lastKnownFileType = sourcecode.swift; name = Synth.swift; path = ../Synth.swift; sourceTree = "<group>"; };
		710148791DE2A46000C6AC9D /* PianoViewController.swift */ = {isa = PBXFileReference; fileEncoding = 4; lastKnownFileType = sourcecode.swift; path = PianoViewController.swift; sourceTree = "<group>"; };
		7101487B1DE2A47F00C6AC9D /* KeyUIButton.swift */ = {isa = PBXFileReference; fileEncoding = 4; lastKnownFileType = sourcecode.swift; path = KeyUIButton.swift; sourceTree = "<group>"; };
		7101487D1DE2A5A900C6AC9D /* black.jpg */ = {isa = PBXFileReference; lastKnownFileType = image.jpeg; path = black.jpg; sourceTree = "<group>"; };
		7101487E1DE2A5A900C6AC9D /* white.jpg */ = {isa = PBXFileReference; lastKnownFileType = image.jpeg; path = white.jpg; sourceTree = "<group>"; };
		710148811DE2A91F00C6AC9D /* PianoPoster.jpg */ = {isa = PBXFileReference; lastKnownFileType = image.jpeg; path = PianoPoster.jpg; sourceTree = "<group>"; };
		710148831DE2B5CF00C6AC9D /* FeedCellView.swift */ = {isa = PBXFileReference; fileEncoding = 4; lastKnownFileType = sourcecode.swift; path = FeedCellView.swift; sourceTree = "<group>"; };
		710148841DE2B5CF00C6AC9D /* FeedViewController.swift */ = {isa = PBXFileReference; fileEncoding = 4; lastKnownFileType = sourcecode.swift; path = FeedViewController.swift; sourceTree = "<group>"; };
		71116E6F1DDC4F8B0033779C /* NoteFrequency.swift */ = {isa = PBXFileReference; fileEncoding = 4; lastKnownFileType = sourcecode.swift; path = NoteFrequency.swift; sourceTree = "<group>"; };
		71116E711DDC53BD0033779C /* DummyKeyboard.swift */ = {isa = PBXFileReference; fileEncoding = 4; lastKnownFileType = sourcecode.swift; path = DummyKeyboard.swift; sourceTree = "<group>"; };
		71116E731DDC54BE0033779C /* Oscillator.swift */ = {isa = PBXFileReference; fileEncoding = 4; lastKnownFileType = sourcecode.swift; path = Oscillator.swift; sourceTree = "<group>"; };
		71116E751DDC58140033779C /* BasicWaves.swift */ = {isa = PBXFileReference; fileEncoding = 4; lastKnownFileType = sourcecode.swift; path = BasicWaves.swift; sourceTree = "<group>"; };
		71116E791DDD56CD0033779C /* SoundModule.swift */ = {isa = PBXFileReference; fileEncoding = 4; lastKnownFileType = sourcecode.swift; path = SoundModule.swift; sourceTree = "<group>"; };
		71116E7B1DDD5D150033779C /* EnvGenerator.swift */ = {isa = PBXFileReference; fileEncoding = 4; lastKnownFileType = sourcecode.swift; path = EnvGenerator.swift; sourceTree = "<group>"; };
		71116E7D1DDD5D490033779C /* Ampliflier.swift */ = {isa = PBXFileReference; fileEncoding = 4; lastKnownFileType = sourcecode.swift; path = Ampliflier.swift; sourceTree = "<group>"; };
		71116E7F1DDD6E030033779C /* ModuleBoard.swift */ = {isa = PBXFileReference; fileEncoding = 4; lastKnownFileType = sourcecode.swift; path = ModuleBoard.swift; sourceTree = "<group>"; };
		71BD7F3E1DF6869A006ED99E /* EnvGeneratorViewController.swift */ = {isa = PBXFileReference; fileEncoding = 4; lastKnownFileType = sourcecode.swift; path = EnvGeneratorViewController.swift; sourceTree = "<group>"; };
		73D912991DF69286003AA17F /* GoogleService-Info.plist */ = {isa = PBXFileReference; fileEncoding = 4; lastKnownFileType = text.plist.xml; path = "GoogleService-Info.plist"; sourceTree = "<group>"; };
		B8821703D09A196B18501855 /* Pods_SimpleSynth.framework */ = {isa = PBXFileReference; explicitFileType = wrapper.framework; includeInIndex = 0; path = Pods_SimpleSynth.framework; sourceTree = BUILT_PRODUCTS_DIR; };
		E99DD741520D85FF0073B5FC /* Pods-SimpleSynth.release.xcconfig */ = {isa = PBXFileReference; includeInIndex = 1; lastKnownFileType = text.xcconfig; name = "Pods-SimpleSynth.release.xcconfig"; path = "Pods/Target Support Files/Pods-SimpleSynth/Pods-SimpleSynth.release.xcconfig"; sourceTree = "<group>"; };
/* End PBXFileReference section */

/* Begin PBXFrameworksBuildPhase section */
		688C6B621DD655E9004BE9CA /* Frameworks */ = {
			isa = PBXFrameworksBuildPhase;
			buildActionMask = 2147483647;
			files = (
				D2F7D20FF822D574EA4F73E0 /* Pods_SimpleSynth.framework in Frameworks */,
			);
			runOnlyForDeploymentPostprocessing = 0;
		};
/* End PBXFrameworksBuildPhase section */

/* Begin PBXGroup section */
		245A62101F80E1DBC4C25776 /* Frameworks */ = {
			isa = PBXGroup;
			children = (
				B8821703D09A196B18501855 /* Pods_SimpleSynth.framework */,
			);
			name = Frameworks;
			sourceTree = "<group>";
		};
		688C6B5C1DD655E9004BE9CA = {
			isa = PBXGroup;
			children = (
				688C6B671DD655E9004BE9CA /* SimpleSynth */,
				688C6B661DD655E9004BE9CA /* Products */,
				C14602A4B414124FBCDF8486 /* Pods */,
				245A62101F80E1DBC4C25776 /* Frameworks */,
			);
			sourceTree = "<group>";
		};
		688C6B661DD655E9004BE9CA /* Products */ = {
			isa = PBXGroup;
			children = (
				688C6B651DD655E9004BE9CA /* SimpleSynth.app */,
			);
			name = Products;
			sourceTree = "<group>";
		};
		688C6B671DD655E9004BE9CA /* SimpleSynth */ = {
			isa = PBXGroup;
			children = (
				73D912991DF69286003AA17F /* GoogleService-Info.plist */,
				688C6B7C1DD658A5004BE9CA /* Synth.swift */,
				71116E6F1DDC4F8B0033779C /* NoteFrequency.swift */,
				688C6B681DD655E9004BE9CA /* AppDelegate.swift */,
				688C6B6A1DD655E9004BE9CA /* SettingViewController.swift */,
				71116E711DDC53BD0033779C /* DummyKeyboard.swift */,
				71116E731DDC54BE0033779C /* Oscillator.swift */,
				71116E7F1DDD6E030033779C /* ModuleBoard.swift */,
				71116E7B1DDD5D150033779C /* EnvGenerator.swift */,
				7101487B1DE2A47F00C6AC9D /* KeyUIButton.swift */,
				71116E7D1DDD5D490033779C /* Ampliflier.swift */,
				71116E791DDD56CD0033779C /* SoundModule.swift */,
				710148831DE2B5CF00C6AC9D /* FeedCellView.swift */,
				710148841DE2B5CF00C6AC9D /* FeedViewController.swift */,
				71BD7F3E1DF6869A006ED99E /* EnvGeneratorViewController.swift */,
				710148791DE2A46000C6AC9D /* PianoViewController.swift */,
				71116E751DDC58140033779C /* BasicWaves.swift */,
				688C6B6C1DD655E9004BE9CA /* Main.storyboard */,
				688C6B6F1DD655E9004BE9CA /* Assets.xcassets */,
				688C6B711DD655E9004BE9CA /* LaunchScreen.storyboard */,
				710148811DE2A91F00C6AC9D /* PianoPoster.jpg */,
				688C6B741DD655E9004BE9CA /* Info.plist */,
				7101487D1DE2A5A900C6AC9D /* black.jpg */,
				7101487E1DE2A5A900C6AC9D /* white.jpg */,
			);
			path = SimpleSynth;
			sourceTree = "<group>";
		};
		C14602A4B414124FBCDF8486 /* Pods */ = {
			isa = PBXGroup;
			children = (
				16D7F5886C589D8328DD2BA3 /* Pods-SimpleSynth.debug.xcconfig */,
				E99DD741520D85FF0073B5FC /* Pods-SimpleSynth.release.xcconfig */,
			);
			name = Pods;
			sourceTree = "<group>";
		};
/* End PBXGroup section */

/* Begin PBXNativeTarget section */
		688C6B641DD655E9004BE9CA /* SimpleSynth */ = {
			isa = PBXNativeTarget;
			buildConfigurationList = 688C6B771DD655E9004BE9CA /* Build configuration list for PBXNativeTarget "SimpleSynth" */;
			buildPhases = (
				92F7DB80A4DC6C8184BD25DB /* [CP] Check Pods Manifest.lock */,
				688C6B611DD655E9004BE9CA /* Sources */,
				688C6B621DD655E9004BE9CA /* Frameworks */,
				688C6B631DD655E9004BE9CA /* Resources */,
				877F49B9E2914781FD4E6A73 /* [CP] Embed Pods Frameworks */,
				BC34641E417CEF38847FD1DA /* [CP] Copy Pods Resources */,
			);
			buildRules = (
			);
			dependencies = (
			);
			name = SimpleSynth;
			productName = SimpleSynth;
			productReference = 688C6B651DD655E9004BE9CA /* SimpleSynth.app */;
			productType = "com.apple.product-type.application";
		};
/* End PBXNativeTarget section */

/* Begin PBXProject section */
		688C6B5D1DD655E9004BE9CA /* Project object */ = {
			isa = PBXProject;
			attributes = {
				LastSwiftUpdateCheck = 0720;
				LastUpgradeCheck = 0720;
				ORGANIZATIONNAME = SimpleSynth;
				TargetAttributes = {
					688C6B641DD655E9004BE9CA = {
						CreatedOnToolsVersion = 7.2.1;
					};
				};
			};
			buildConfigurationList = 688C6B601DD655E9004BE9CA /* Build configuration list for PBXProject "SimpleSynth" */;
			compatibilityVersion = "Xcode 3.2";
			developmentRegion = English;
			hasScannedForEncodings = 0;
			knownRegions = (
				en,
				Base,
			);
			mainGroup = 688C6B5C1DD655E9004BE9CA;
			productRefGroup = 688C6B661DD655E9004BE9CA /* Products */;
			projectDirPath = "";
			projectRoot = "";
			targets = (
				688C6B641DD655E9004BE9CA /* SimpleSynth */,
			);
		};
/* End PBXProject section */

/* Begin PBXResourcesBuildPhase section */
		688C6B631DD655E9004BE9CA /* Resources */ = {
			isa = PBXResourcesBuildPhase;
			buildActionMask = 2147483647;
			files = (
				710148801DE2A5A900C6AC9D /* white.jpg in Resources */,
				688C6B731DD655E9004BE9CA /* LaunchScreen.storyboard in Resources */,
				710148821DE2A91F00C6AC9D /* PianoPoster.jpg in Resources */,
				7101487F1DE2A5A900C6AC9D /* black.jpg in Resources */,
				688C6B701DD655E9004BE9CA /* Assets.xcassets in Resources */,
				688C6B6E1DD655E9004BE9CA /* Main.storyboard in Resources */,
				73D9129A1DF69286003AA17F /* GoogleService-Info.plist in Resources */,
			);
			runOnlyForDeploymentPostprocessing = 0;
		};
/* End PBXResourcesBuildPhase section */

/* Begin PBXShellScriptBuildPhase section */
		877F49B9E2914781FD4E6A73 /* [CP] Embed Pods Frameworks */ = {
			isa = PBXShellScriptBuildPhase;
			buildActionMask = 2147483647;
			files = (
			);
			inputPaths = (
			);
			name = "[CP] Embed Pods Frameworks";
			outputPaths = (
			);
			runOnlyForDeploymentPostprocessing = 0;
			shellPath = /bin/sh;
			shellScript = "\"${SRCROOT}/Pods/Target Support Files/Pods-SimpleSynth/Pods-SimpleSynth-frameworks.sh\"\n";
			showEnvVarsInLog = 0;
		};
		92F7DB80A4DC6C8184BD25DB /* [CP] Check Pods Manifest.lock */ = {
			isa = PBXShellScriptBuildPhase;
			buildActionMask = 2147483647;
			files = (
			);
			inputPaths = (
			);
			name = "[CP] Check Pods Manifest.lock";
			outputPaths = (
			);
			runOnlyForDeploymentPostprocessing = 0;
			shellPath = /bin/sh;
			shellScript = "diff \"${PODS_ROOT}/../Podfile.lock\" \"${PODS_ROOT}/Manifest.lock\" > /dev/null\nif [ $? != 0 ] ; then\n    # print error to STDERR\n    echo \"error: The sandbox is not in sync with the Podfile.lock. Run 'pod install' or update your CocoaPods installation.\" >&2\n    exit 1\nfi\n";
			showEnvVarsInLog = 0;
		};
		BC34641E417CEF38847FD1DA /* [CP] Copy Pods Resources */ = {
			isa = PBXShellScriptBuildPhase;
			buildActionMask = 2147483647;
			files = (
			);
			inputPaths = (
			);
			name = "[CP] Copy Pods Resources";
			outputPaths = (
			);
			runOnlyForDeploymentPostprocessing = 0;
			shellPath = /bin/sh;
			shellScript = "\"${SRCROOT}/Pods/Target Support Files/Pods-SimpleSynth/Pods-SimpleSynth-resources.sh\"\n";
			showEnvVarsInLog = 0;
		};
/* End PBXShellScriptBuildPhase section */

/* Begin PBXSourcesBuildPhase section */
		688C6B611DD655E9004BE9CA /* Sources */ = {
			isa = PBXSourcesBuildPhase;
			buildActionMask = 2147483647;
			files = (
				710148851DE2B5CF00C6AC9D /* FeedCellView.swift in Sources */,
				71116E721DDC53BD0033779C /* DummyKeyboard.swift in Sources */,
				7101487C1DE2A47F00C6AC9D /* KeyUIButton.swift in Sources */,
				688C6B7D1DD658A5004BE9CA /* Synth.swift in Sources */,
				71BD7F3F1DF6869A006ED99E /* EnvGeneratorViewController.swift in Sources */,
				71116E801DDD6E030033779C /* ModuleBoard.swift in Sources */,
				71116E7C1DDD5D150033779C /* EnvGenerator.swift in Sources */,
				688C6B6B1DD655E9004BE9CA /* SettingViewController.swift in Sources */,
				710148861DE2B5CF00C6AC9D /* FeedViewController.swift in Sources */,
				71116E741DDC54BE0033779C /* Oscillator.swift in Sources */,
				71116E761DDC58140033779C /* BasicWaves.swift in Sources */,
				71116E701DDC4F8B0033779C /* NoteFrequency.swift in Sources */,
				688C6B691DD655E9004BE9CA /* AppDelegate.swift in Sources */,
				71116E7A1DDD56CD0033779C /* SoundModule.swift in Sources */,
				7101487A1DE2A46000C6AC9D /* PianoViewController.swift in Sources */,
				71116E7E1DDD5D490033779C /* Ampliflier.swift in Sources */,
			);
			runOnlyForDeploymentPostprocessing = 0;
		};
/* End PBXSourcesBuildPhase section */

/* Begin PBXVariantGroup section */
		688C6B6C1DD655E9004BE9CA /* Main.storyboard */ = {
			isa = PBXVariantGroup;
			children = (
				688C6B6D1DD655E9004BE9CA /* Base */,
			);
			name = Main.storyboard;
			sourceTree = "<group>";
		};
		688C6B711DD655E9004BE9CA /* LaunchScreen.storyboard */ = {
			isa = PBXVariantGroup;
			children = (
				688C6B721DD655E9004BE9CA /* Base */,
			);
			name = LaunchScreen.storyboard;
			sourceTree = "<group>";
		};
/* End PBXVariantGroup section */

/* Begin XCBuildConfiguration section */
		688C6B751DD655E9004BE9CA /* Debug */ = {
			isa = XCBuildConfiguration;
			buildSettings = {
				ALWAYS_SEARCH_USER_PATHS = NO;
				CLANG_CXX_LANGUAGE_STANDARD = "gnu++0x";
				CLANG_CXX_LIBRARY = "libc++";
				CLANG_ENABLE_MODULES = YES;
				CLANG_ENABLE_OBJC_ARC = YES;
				CLANG_WARN_BOOL_CONVERSION = YES;
				CLANG_WARN_CONSTANT_CONVERSION = YES;
				CLANG_WARN_DIRECT_OBJC_ISA_USAGE = YES_ERROR;
				CLANG_WARN_EMPTY_BODY = YES;
				CLANG_WARN_ENUM_CONVERSION = YES;
				CLANG_WARN_INT_CONVERSION = YES;
				CLANG_WARN_OBJC_ROOT_CLASS = YES_ERROR;
				CLANG_WARN_UNREACHABLE_CODE = YES;
				CLANG_WARN__DUPLICATE_METHOD_MATCH = YES;
				"CODE_SIGN_IDENTITY[sdk=iphoneos*]" = "iPhone Developer";
				COPY_PHASE_STRIP = NO;
				DEBUG_INFORMATION_FORMAT = dwarf;
				ENABLE_STRICT_OBJC_MSGSEND = YES;
				ENABLE_TESTABILITY = YES;
				GCC_C_LANGUAGE_STANDARD = gnu99;
				GCC_DYNAMIC_NO_PIC = NO;
				GCC_NO_COMMON_BLOCKS = YES;
				GCC_OPTIMIZATION_LEVEL = 0;
				GCC_PREPROCESSOR_DEFINITIONS = (
					"DEBUG=1",
					"$(inherited)",
				);
				GCC_WARN_64_TO_32_BIT_CONVERSION = YES;
				GCC_WARN_ABOUT_RETURN_TYPE = YES_ERROR;
				GCC_WARN_UNDECLARED_SELECTOR = YES;
				GCC_WARN_UNINITIALIZED_AUTOS = YES_AGGRESSIVE;
				GCC_WARN_UNUSED_FUNCTION = YES;
				GCC_WARN_UNUSED_VARIABLE = YES;
				IPHONEOS_DEPLOYMENT_TARGET = 9.2;
				MTL_ENABLE_DEBUG_INFO = YES;
				ONLY_ACTIVE_ARCH = YES;
				SDKROOT = iphoneos;
				SWIFT_OPTIMIZATION_LEVEL = "-Onone";
			};
			name = Debug;
		};
		688C6B761DD655E9004BE9CA /* Release */ = {
			isa = XCBuildConfiguration;
			buildSettings = {
				ALWAYS_SEARCH_USER_PATHS = NO;
				CLANG_CXX_LANGUAGE_STANDARD = "gnu++0x";
				CLANG_CXX_LIBRARY = "libc++";
				CLANG_ENABLE_MODULES = YES;
				CLANG_ENABLE_OBJC_ARC = YES;
				CLANG_WARN_BOOL_CONVERSION = YES;
				CLANG_WARN_CONSTANT_CONVERSION = YES;
				CLANG_WARN_DIRECT_OBJC_ISA_USAGE = YES_ERROR;
				CLANG_WARN_EMPTY_BODY = YES;
				CLANG_WARN_ENUM_CONVERSION = YES;
				CLANG_WARN_INT_CONVERSION = YES;
				CLANG_WARN_OBJC_ROOT_CLASS = YES_ERROR;
				CLANG_WARN_UNREACHABLE_CODE = YES;
				CLANG_WARN__DUPLICATE_METHOD_MATCH = YES;
				"CODE_SIGN_IDENTITY[sdk=iphoneos*]" = "iPhone Developer";
				COPY_PHASE_STRIP = NO;
				DEBUG_INFORMATION_FORMAT = "dwarf-with-dsym";
				ENABLE_NS_ASSERTIONS = NO;
				ENABLE_STRICT_OBJC_MSGSEND = YES;
				GCC_C_LANGUAGE_STANDARD = gnu99;
				GCC_NO_COMMON_BLOCKS = YES;
				GCC_WARN_64_TO_32_BIT_CONVERSION = YES;
				GCC_WARN_ABOUT_RETURN_TYPE = YES_ERROR;
				GCC_WARN_UNDECLARED_SELECTOR = YES;
				GCC_WARN_UNINITIALIZED_AUTOS = YES_AGGRESSIVE;
				GCC_WARN_UNUSED_FUNCTION = YES;
				GCC_WARN_UNUSED_VARIABLE = YES;
				IPHONEOS_DEPLOYMENT_TARGET = 9.2;
				MTL_ENABLE_DEBUG_INFO = NO;
				SDKROOT = iphoneos;
				VALIDATE_PRODUCT = YES;
			};
			name = Release;
		};
		688C6B781DD655E9004BE9CA /* Debug */ = {
			isa = XCBuildConfiguration;
			baseConfigurationReference = 16D7F5886C589D8328DD2BA3 /* Pods-SimpleSynth.debug.xcconfig */;
			buildSettings = {
				ASSETCATALOG_COMPILER_APPICON_NAME = AppIcon;
				CODE_SIGN_IDENTITY = "iPhone Developer";
				"CODE_SIGN_IDENTITY[sdk=iphoneos*]" = "iPhone Developer";
				INFOPLIST_FILE = SimpleSynth/Info.plist;
				IPHONEOS_DEPLOYMENT_TARGET = 9.3;
				LD_RUNPATH_SEARCH_PATHS = "$(inherited) @executable_path/Frameworks";
				PRODUCT_BUNDLE_IDENTIFIER = SimpleSynth.SimpleSynth;
				PRODUCT_NAME = "$(TARGET_NAME)";
				PROVISIONING_PROFILE = "";
			};
			name = Debug;
		};
		688C6B791DD655E9004BE9CA /* Release */ = {
			isa = XCBuildConfiguration;
			baseConfigurationReference = E99DD741520D85FF0073B5FC /* Pods-SimpleSynth.release.xcconfig */;
			buildSettings = {
				ASSETCATALOG_COMPILER_APPICON_NAME = AppIcon;
				CODE_SIGN_IDENTITY = "iPhone Developer";
				"CODE_SIGN_IDENTITY[sdk=iphoneos*]" = "iPhone Developer";
				INFOPLIST_FILE = SimpleSynth/Info.plist;
				IPHONEOS_DEPLOYMENT_TARGET = 9.3;
				LD_RUNPATH_SEARCH_PATHS = "$(inherited) @executable_path/Frameworks";
				PRODUCT_BUNDLE_IDENTIFIER = SimpleSynth.SimpleSynth;
				PRODUCT_NAME = "$(TARGET_NAME)";
				PROVISIONING_PROFILE = "";
			};
			name = Release;
		};
/* End XCBuildConfiguration section */

/* Begin XCConfigurationList section */
		688C6B601DD655E9004BE9CA /* Build configuration list for PBXProject "SimpleSynth" */ = {
			isa = XCConfigurationList;
			buildConfigurations = (
				688C6B751DD655E9004BE9CA /* Debug */,
				688C6B761DD655E9004BE9CA /* Release */,
			);
			defaultConfigurationIsVisible = 0;
			defaultConfigurationName = Release;
		};
		688C6B771DD655E9004BE9CA /* Build configuration list for PBXNativeTarget "SimpleSynth" */ = {
			isa = XCConfigurationList;
			buildConfigurations = (
				688C6B781DD655E9004BE9CA /* Debug */,
				688C6B791DD655E9004BE9CA /* Release */,
			);
			defaultConfigurationIsVisible = 0;
			defaultConfigurationName = Release;
		};
/* End XCConfigurationList section */
	};
	rootObject = 688C6B5D1DD655E9004BE9CA /* Project object */;
}
