// !$*UTF8*$!
{
	archiveVersion = 1;
	classes = {
	};
	objectVersion = 46;
	objects = {

/* Begin PBXBuildFile section */
		688C6B691DD655E9004BE9CA /* AppDelegate.swift in Sources */ = {isa = PBXBuildFile; fileRef = 688C6B681DD655E9004BE9CA /* AppDelegate.swift */; };
		688C6B6B1DD655E9004BE9CA /* ViewController.swift in Sources */ = {isa = PBXBuildFile; fileRef = 688C6B6A1DD655E9004BE9CA /* ViewController.swift */; };
		688C6B6E1DD655E9004BE9CA /* Main.storyboard in Resources */ = {isa = PBXBuildFile; fileRef = 688C6B6C1DD655E9004BE9CA /* Main.storyboard */; };
		688C6B701DD655E9004BE9CA /* Assets.xcassets in Resources */ = {isa = PBXBuildFile; fileRef = 688C6B6F1DD655E9004BE9CA /* Assets.xcassets */; };
		688C6B731DD655E9004BE9CA /* LaunchScreen.storyboard in Resources */ = {isa = PBXBuildFile; fileRef = 688C6B711DD655E9004BE9CA /* LaunchScreen.storyboard */; };
		688C6B7D1DD658A5004BE9CA /* Synth.swift in Sources */ = {isa = PBXBuildFile; fileRef = 688C6B7C1DD658A5004BE9CA /* Synth.swift */; };
		71116E701DDC4F8B0033779C /* NoteFrequency.swift in Sources */ = {isa = PBXBuildFile; fileRef = 71116E6F1DDC4F8B0033779C /* NoteFrequency.swift */; };
		71116E721DDC53BD0033779C /* DummyKeyboard.swift in Sources */ = {isa = PBXBuildFile; fileRef = 71116E711DDC53BD0033779C /* DummyKeyboard.swift */; };
		71116E741DDC54BE0033779C /* Oscillator.swift in Sources */ = {isa = PBXBuildFile; fileRef = 71116E731DDC54BE0033779C /* Oscillator.swift */; };
		71116E761DDC58140033779C /* BasicWaves.swift in Sources */ = {isa = PBXBuildFile; fileRef = 71116E751DDC58140033779C /* BasicWaves.swift */; };
		71116E781DDCFDEF0033779C /* FMSynthDemo.swift in Sources */ = {isa = PBXBuildFile; fileRef = 71116E771DDCFDEF0033779C /* FMSynthDemo.swift */; };
		71116E7A1DDD56CD0033779C /* SoundModule.swift in Sources */ = {isa = PBXBuildFile; fileRef = 71116E791DDD56CD0033779C /* SoundModule.swift */; };
		71116E7C1DDD5D150033779C /* EnvGenerator.swift in Sources */ = {isa = PBXBuildFile; fileRef = 71116E7B1DDD5D150033779C /* EnvGenerator.swift */; };
		71116E7E1DDD5D490033779C /* Ampliflier.swift in Sources */ = {isa = PBXBuildFile; fileRef = 71116E7D1DDD5D490033779C /* Ampliflier.swift */; };
		71116E801DDD6E030033779C /* ModuleBoard.swift in Sources */ = {isa = PBXBuildFile; fileRef = 71116E7F1DDD6E030033779C /* ModuleBoard.swift */; };
/* End PBXBuildFile section */

/* Begin PBXFileReference section */
		688C6B651DD655E9004BE9CA /* SimpleSynth.app */ = {isa = PBXFileReference; explicitFileType = wrapper.application; includeInIndex = 0; path = SimpleSynth.app; sourceTree = BUILT_PRODUCTS_DIR; };
		688C6B681DD655E9004BE9CA /* AppDelegate.swift */ = {isa = PBXFileReference; lastKnownFileType = sourcecode.swift; path = AppDelegate.swift; sourceTree = "<group>"; };
		688C6B6A1DD655E9004BE9CA /* ViewController.swift */ = {isa = PBXFileReference; lastKnownFileType = sourcecode.swift; path = ViewController.swift; sourceTree = "<group>"; };
		688C6B6D1DD655E9004BE9CA /* Base */ = {isa = PBXFileReference; lastKnownFileType = file.storyboard; name = Base; path = Base.lproj/Main.storyboard; sourceTree = "<group>"; };
		688C6B6F1DD655E9004BE9CA /* Assets.xcassets */ = {isa = PBXFileReference; lastKnownFileType = folder.assetcatalog; path = Assets.xcassets; sourceTree = "<group>"; };
		688C6B721DD655E9004BE9CA /* Base */ = {isa = PBXFileReference; lastKnownFileType = file.storyboard; name = Base; path = Base.lproj/LaunchScreen.storyboard; sourceTree = "<group>"; };
		688C6B741DD655E9004BE9CA /* Info.plist */ = {isa = PBXFileReference; lastKnownFileType = text.plist.xml; path = Info.plist; sourceTree = "<group>"; };
		688C6B7C1DD658A5004BE9CA /* Synth.swift */ = {isa = PBXFileReference; fileEncoding = 4; lastKnownFileType = sourcecode.swift; name = Synth.swift; path = ../Synth.swift; sourceTree = "<group>"; };
		71116E6F1DDC4F8B0033779C /* NoteFrequency.swift */ = {isa = PBXFileReference; fileEncoding = 4; lastKnownFileType = sourcecode.swift; path = NoteFrequency.swift; sourceTree = "<group>"; };
		71116E711DDC53BD0033779C /* DummyKeyboard.swift */ = {isa = PBXFileReference; fileEncoding = 4; lastKnownFileType = sourcecode.swift; path = DummyKeyboard.swift; sourceTree = "<group>"; };
		71116E731DDC54BE0033779C /* Oscillator.swift */ = {isa = PBXFileReference; fileEncoding = 4; lastKnownFileType = sourcecode.swift; path = Oscillator.swift; sourceTree = "<group>"; };
		71116E751DDC58140033779C /* BasicWaves.swift */ = {isa = PBXFileReference; fileEncoding = 4; lastKnownFileType = sourcecode.swift; path = BasicWaves.swift; sourceTree = "<group>"; };
		71116E771DDCFDEF0033779C /* FMSynthDemo.swift */ = {isa = PBXFileReference; fileEncoding = 4; lastKnownFileType = sourcecode.swift; path = FMSynthDemo.swift; sourceTree = "<group>"; };
		71116E791DDD56CD0033779C /* SoundModule.swift */ = {isa = PBXFileReference; fileEncoding = 4; lastKnownFileType = sourcecode.swift; path = SoundModule.swift; sourceTree = "<group>"; };
		71116E7B1DDD5D150033779C /* EnvGenerator.swift */ = {isa = PBXFileReference; fileEncoding = 4; lastKnownFileType = sourcecode.swift; path = EnvGenerator.swift; sourceTree = "<group>"; };
		71116E7D1DDD5D490033779C /* Ampliflier.swift */ = {isa = PBXFileReference; fileEncoding = 4; lastKnownFileType = sourcecode.swift; path = Ampliflier.swift; sourceTree = "<group>"; };
		71116E7F1DDD6E030033779C /* ModuleBoard.swift */ = {isa = PBXFileReference; fileEncoding = 4; lastKnownFileType = sourcecode.swift; path = ModuleBoard.swift; sourceTree = "<group>"; };
/* End PBXFileReference section */

/* Begin PBXFrameworksBuildPhase section */
		688C6B621DD655E9004BE9CA /* Frameworks */ = {
			isa = PBXFrameworksBuildPhase;
			buildActionMask = 2147483647;
			files = (
			);
			runOnlyForDeploymentPostprocessing = 0;
		};
/* End PBXFrameworksBuildPhase section */

/* Begin PBXGroup section */
		688C6B5C1DD655E9004BE9CA = {
			isa = PBXGroup;
			children = (
				688C6B671DD655E9004BE9CA /* SimpleSynth */,
				688C6B661DD655E9004BE9CA /* Products */,
			);
			sourceTree = "<group>";
		};
		688C6B661DD655E9004BE9CA /* Products */ = {
			isa = PBXGroup;
			children = (
				688C6B651DD655E9004BE9CA /* SimpleSynth.app */,
			);
			name = Products;
			sourceTree = "<group>";
		};
		688C6B671DD655E9004BE9CA /* SimpleSynth */ = {
			isa = PBXGroup;
			children = (
				688C6B7C1DD658A5004BE9CA /* Synth.swift */,
				71116E6F1DDC4F8B0033779C /* NoteFrequency.swift */,
				688C6B681DD655E9004BE9CA /* AppDelegate.swift */,
				688C6B6A1DD655E9004BE9CA /* ViewController.swift */,
				71116E711DDC53BD0033779C /* DummyKeyboard.swift */,
				71116E731DDC54BE0033779C /* Oscillator.swift */,
				71116E7F1DDD6E030033779C /* ModuleBoard.swift */,
				71116E7B1DDD5D150033779C /* EnvGenerator.swift */,
				71116E7D1DDD5D490033779C /* Ampliflier.swift */,
				71116E791DDD56CD0033779C /* SoundModule.swift */,
				71116E751DDC58140033779C /* BasicWaves.swift */,
				688C6B6C1DD655E9004BE9CA /* Main.storyboard */,
				688C6B6F1DD655E9004BE9CA /* Assets.xcassets */,
				688C6B711DD655E9004BE9CA /* LaunchScreen.storyboard */,
				688C6B741DD655E9004BE9CA /* Info.plist */,
				71116E771DDCFDEF0033779C /* FMSynthDemo.swift */,
			);
			path = SimpleSynth;
			sourceTree = "<group>";
		};
/* End PBXGroup section */

/* Begin PBXNativeTarget section */
		688C6B641DD655E9004BE9CA /* SimpleSynth */ = {
			isa = PBXNativeTarget;
			buildConfigurationList = 688C6B771DD655E9004BE9CA /* Build configuration list for PBXNativeTarget "SimpleSynth" */;
			buildPhases = (
				688C6B611DD655E9004BE9CA /* Sources */,
				688C6B621DD655E9004BE9CA /* Frameworks */,
				688C6B631DD655E9004BE9CA /* Resources */,
			);
			buildRules = (
			);
			dependencies = (
			);
			name = SimpleSynth;
			productName = SimpleSynth;
			productReference = 688C6B651DD655E9004BE9CA /* SimpleSynth.app */;
			productType = "com.apple.product-type.application";
		};
/* End PBXNativeTarget section */

/* Begin PBXProject section */
		688C6B5D1DD655E9004BE9CA /* Project object */ = {
			isa = PBXProject;
			attributes = {
				LastSwiftUpdateCheck = 0720;
				LastUpgradeCheck = 0720;
				ORGANIZATIONNAME = SimpleSynth;
				TargetAttributes = {
					688C6B641DD655E9004BE9CA = {
						CreatedOnToolsVersion = 7.2.1;
					};
				};
			};
			buildConfigurationList = 688C6B601DD655E9004BE9CA /* Build configuration list for PBXProject "SimpleSynth" */;
			compatibilityVersion = "Xcode 3.2";
			developmentRegion = English;
			hasScannedForEncodings = 0;
			knownRegions = (
				en,
				Base,
			);
			mainGroup = 688C6B5C1DD655E9004BE9CA;
			productRefGroup = 688C6B661DD655E9004BE9CA /* Products */;
			projectDirPath = "";
			projectRoot = "";
			targets = (
				688C6B641DD655E9004BE9CA /* SimpleSynth */,
			);
		};
/* End PBXProject section */

/* Begin PBXResourcesBuildPhase section */
		688C6B631DD655E9004BE9CA /* Resources */ = {
			isa = PBXResourcesBuildPhase;
			buildActionMask = 2147483647;
			files = (
				688C6B731DD655E9004BE9CA /* LaunchScreen.storyboard in Resources */,
				688C6B701DD655E9004BE9CA /* Assets.xcassets in Resources */,
				688C6B6E1DD655E9004BE9CA /* Main.storyboard in Resources */,
			);
			runOnlyForDeploymentPostprocessing = 0;
		};
/* End PBXResourcesBuildPhase section */

/* Begin PBXSourcesBuildPhase section */
		688C6B611DD655E9004BE9CA /* Sources */ = {
			isa = PBXSourcesBuildPhase;
			buildActionMask = 2147483647;
			files = (
				71116E721DDC53BD0033779C /* DummyKeyboard.swift in Sources */,
				688C6B7D1DD658A5004BE9CA /* Synth.swift in Sources */,
				71116E801DDD6E030033779C /* ModuleBoard.swift in Sources */,
				71116E781DDCFDEF0033779C /* FMSynthDemo.swift in Sources */,
				71116E7C1DDD5D150033779C /* EnvGenerator.swift in Sources */,
				688C6B6B1DD655E9004BE9CA /* ViewController.swift in Sources */,
				71116E741DDC54BE0033779C /* Oscillator.swift in Sources */,
				71116E761DDC58140033779C /* BasicWaves.swift in Sources */,
				71116E701DDC4F8B0033779C /* NoteFrequency.swift in Sources */,
				688C6B691DD655E9004BE9CA /* AppDelegate.swift in Sources */,
				71116E7A1DDD56CD0033779C /* SoundModule.swift in Sources */,
				71116E7E1DDD5D490033779C /* Ampliflier.swift in Sources */,
			);
			runOnlyForDeploymentPostprocessing = 0;
		};
/* End PBXSourcesBuildPhase section */

/* Begin PBXVariantGroup section */
		688C6B6C1DD655E9004BE9CA /* Main.storyboard */ = {
			isa = PBXVariantGroup;
			children = (
				688C6B6D1DD655E9004BE9CA /* Base */,
			);
			name = Main.storyboard;
			sourceTree = "<group>";
		};
		688C6B711DD655E9004BE9CA /* LaunchScreen.storyboard */ = {
			isa = PBXVariantGroup;
			children = (
				688C6B721DD655E9004BE9CA /* Base */,
			);
			name = LaunchScreen.storyboard;
			sourceTree = "<group>";
		};
/* End PBXVariantGroup section */

/* Begin XCBuildConfiguration section */
		688C6B751DD655E9004BE9CA /* Debug */ = {
			isa = XCBuildConfiguration;
			buildSettings = {
				ALWAYS_SEARCH_USER_PATHS = NO;
				CLANG_CXX_LANGUAGE_STANDARD = "gnu++0x";
				CLANG_CXX_LIBRARY = "libc++";
				CLANG_ENABLE_MODULES = YES;
				CLANG_ENABLE_OBJC_ARC = YES;
				CLANG_WARN_BOOL_CONVERSION = YES;
				CLANG_WARN_CONSTANT_CONVERSION = YES;
				CLANG_WARN_DIRECT_OBJC_ISA_USAGE = YES_ERROR;
				CLANG_WARN_EMPTY_BODY = YES;
				CLANG_WARN_ENUM_CONVERSION = YES;
				CLANG_WARN_INT_CONVERSION = YES;
				CLANG_WARN_OBJC_ROOT_CLASS = YES_ERROR;
				CLANG_WARN_UNREACHABLE_CODE = YES;
				CLANG_WARN__DUPLICATE_METHOD_MATCH = YES;
				"CODE_SIGN_IDENTITY[sdk=iphoneos*]" = "iPhone Developer";
				COPY_PHASE_STRIP = NO;
				DEBUG_INFORMATION_FORMAT = dwarf;
				ENABLE_STRICT_OBJC_MSGSEND = YES;
				ENABLE_TESTABILITY = YES;
				GCC_C_LANGUAGE_STANDARD = gnu99;
				GCC_DYNAMIC_NO_PIC = NO;
				GCC_NO_COMMON_BLOCKS = YES;
				GCC_OPTIMIZATION_LEVEL = 0;
				GCC_PREPROCESSOR_DEFINITIONS = (
					"DEBUG=1",
					"$(inherited)",
				);
				GCC_WARN_64_TO_32_BIT_CONVERSION = YES;
				GCC_WARN_ABOUT_RETURN_TYPE = YES_ERROR;
				GCC_WARN_UNDECLARED_SELECTOR = YES;
				GCC_WARN_UNINITIALIZED_AUTOS = YES_AGGRESSIVE;
				GCC_WARN_UNUSED_FUNCTION = YES;
				GCC_WARN_UNUSED_VARIABLE = YES;
				IPHONEOS_DEPLOYMENT_TARGET = 9.2;
				MTL_ENABLE_DEBUG_INFO = YES;
				ONLY_ACTIVE_ARCH = YES;
				SDKROOT = iphoneos;
				SWIFT_OPTIMIZATION_LEVEL = "-Onone";
			};
			name = Debug;
		};
		688C6B761DD655E9004BE9CA /* Release */ = {
			isa = XCBuildConfiguration;
			buildSettings = {
				ALWAYS_SEARCH_USER_PATHS = NO;
				CLANG_CXX_LANGUAGE_STANDARD = "gnu++0x";
				CLANG_CXX_LIBRARY = "libc++";
				CLANG_ENABLE_MODULES = YES;
				CLANG_ENABLE_OBJC_ARC = YES;
				CLANG_WARN_BOOL_CONVERSION = YES;
				CLANG_WARN_CONSTANT_CONVERSION = YES;
				CLANG_WARN_DIRECT_OBJC_ISA_USAGE = YES_ERROR;
				CLANG_WARN_EMPTY_BODY = YES;
				CLANG_WARN_ENUM_CONVERSION = YES;
				CLANG_WARN_INT_CONVERSION = YES;
				CLANG_WARN_OBJC_ROOT_CLASS = YES_ERROR;
				CLANG_WARN_UNREACHABLE_CODE = YES;
				CLANG_WARN__DUPLICATE_METHOD_MATCH = YES;
				"CODE_SIGN_IDENTITY[sdk=iphoneos*]" = "iPhone Developer";
				COPY_PHASE_STRIP = NO;
				DEBUG_INFORMATION_FORMAT = "dwarf-with-dsym";
				ENABLE_NS_ASSERTIONS = NO;
				ENABLE_STRICT_OBJC_MSGSEND = YES;
				GCC_C_LANGUAGE_STANDARD = gnu99;
				GCC_NO_COMMON_BLOCKS = YES;
				GCC_WARN_64_TO_32_BIT_CONVERSION = YES;
				GCC_WARN_ABOUT_RETURN_TYPE = YES_ERROR;
				GCC_WARN_UNDECLARED_SELECTOR = YES;
				GCC_WARN_UNINITIALIZED_AUTOS = YES_AGGRESSIVE;
				GCC_WARN_UNUSED_FUNCTION = YES;
				GCC_WARN_UNUSED_VARIABLE = YES;
				IPHONEOS_DEPLOYMENT_TARGET = 9.2;
				MTL_ENABLE_DEBUG_INFO = NO;
				SDKROOT = iphoneos;
				VALIDATE_PRODUCT = YES;
			};
			name = Release;
		};
		688C6B781DD655E9004BE9CA /* Debug */ = {
			isa = XCBuildConfiguration;
			buildSettings = {
				ASSETCATALOG_COMPILER_APPICON_NAME = AppIcon;
				INFOPLIST_FILE = SimpleSynth/Info.plist;
				LD_RUNPATH_SEARCH_PATHS = "$(inherited) @executable_path/Frameworks";
				PRODUCT_BUNDLE_IDENTIFIER = SimpleSynth.SimpleSynth;
				PRODUCT_NAME = "$(TARGET_NAME)";
			};
			name = Debug;
		};
		688C6B791DD655E9004BE9CA /* Release */ = {
			isa = XCBuildConfiguration;
			buildSettings = {
				ASSETCATALOG_COMPILER_APPICON_NAME = AppIcon;
				INFOPLIST_FILE = SimpleSynth/Info.plist;
				LD_RUNPATH_SEARCH_PATHS = "$(inherited) @executable_path/Frameworks";
				PRODUCT_BUNDLE_IDENTIFIER = SimpleSynth.SimpleSynth;
				PRODUCT_NAME = "$(TARGET_NAME)";
			};
			name = Release;
		};
/* End XCBuildConfiguration section */

/* Begin XCConfigurationList section */
		688C6B601DD655E9004BE9CA /* Build configuration list for PBXProject "SimpleSynth" */ = {
			isa = XCConfigurationList;
			buildConfigurations = (
				688C6B751DD655E9004BE9CA /* Debug */,
				688C6B761DD655E9004BE9CA /* Release */,
			);
			defaultConfigurationIsVisible = 0;
			defaultConfigurationName = Release;
		};
		688C6B771DD655E9004BE9CA /* Build configuration list for PBXNativeTarget "SimpleSynth" */ = {
			isa = XCConfigurationList;
			buildConfigurations = (
				688C6B781DD655E9004BE9CA /* Debug */,
				688C6B791DD655E9004BE9CA /* Release */,
			);
			defaultConfigurationIsVisible = 0;
			defaultConfigurationName = Release;
		};
/* End XCConfigurationList section */
	};
	rootObject = 688C6B5D1DD655E9004BE9CA /* Project object */;
}
